github.com/tatsushid/go-fastping v0.0.0-20160109021039-d7bb493dee3e h1:nt2877sKfojlHCTOBXbpWjBkuWKritFaGIfgQwbQUls=
github.com/tatsushid/go-fastping v0.0.0-20160109021039-d7bb493dee3e/go.mod h1:B4+Kq1u5FlULTjFSM707Q6e/cOHFv0z/6QRoxubDIQ8=
golang.org/x/net v0.0.0-20210917221730-978cfadd31cf h1:R150MpwJIv1MpS0N/pc+NhTM8ajzvlmxlY5OYsrevXQ=
golang.org/x/net v0.0.0-20210917221730-978cfadd31cf/go.mod h1:9nx3DQGgdP8bBQD5qxJ1jj9UTztislL4KSBs9R2vV5Y=
golang.org/x/sys v0.0.0-20210423082822-04245dca01da h1:b3NXsE2LusjYGGjL5bxEVZZORm/YEFFrWFjR8eFrw/c=
golang.org/x/sys v0.0.0-20210423082822-04245dca01da/go.mod h1:h1NjWce9XRLGQEsW7wpKNCjG9DtNlClVuFLEZdDNbEs=
